
Microsoft Visual Studio Solution File, Format Version 12.00
# Visual Studio 2012
Project("{8BC9CEB9-8B4A-11D0-8D11-00A0C91BC942}") = "TexturePackerImporter", "TexturePackerImporter.dll", "{FB8CFA9F-1306-464B-BECE-0D679C698295}"
	ProjectSection(MonoDevelopProperties) = preProject
		name = TexturePackerImporter
		Configurations = $0
		$0.Configuration = $1
		$1.name = Default
		$1.OutputPath = .\
		$1.ctype = ProjectConfiguration
	EndProjectSection
EndProject
Global
	GlobalSection(SolutionConfigurationPlatforms) = preSolution
		Default|Any CPU = Default|Any CPU
	EndGlobalSection
	GlobalSection(ProjectConfigurationPlatforms) = postSolution
		{FB8CFA9F-1306-464B-BECE-0D679C698295}.Default|Any CPU.ActiveCfg = Default|Any CPU
		{FB8CFA9F-1306-464B-BECE-0D679C698295}.Default|Any CPU.Build.0 = Default|Any CPU
	EndGlobalSection
EndGlobal
